
Microsoft Visual Studio Solution File, Format Version 12.00
# Visual Studio Version 17
VisualStudioVersion = 17.10.34916.146
MinimumVisualStudioVersion = 10.0.40219.1
Project("{FAE04EC0-301F-11D3-BF4B-00C04F79EFBC}") = "WS.WebAPI", "WS.WebAPI\WS.WebAPI.csproj", "{E3882FFE-A040-4179-B38C-F72BAFC8804F}"
EndProject
Project("{2150E333-8FDC-42A3-9474-1A3956D46DE8}") = "Services", "Services", "{A8B8DE74-E171-47BC-AA55-33701BF4DAA8}"
EndProject
Project("{2150E333-8FDC-42A3-9474-1A3956D46DE8}") = "Order", "Order", "{59280F56-66FD-4290-83D7-3B030F8474C9}"
EndProject
Project("{2150E333-8FDC-42A3-9474-1A3956D46DE8}") = "Product", "Product", "{C4986840-17A3-4128-9857-B78013A277B4}"
EndProject
Project("{2150E333-8FDC-42A3-9474-1A3956D46DE8}") = "Auth", "Auth", "{3F134BA2-5F16-4B1B-A0BD-60F3D3BE5692}"
EndProject
Project("{2150E333-8FDC-42A3-9474-1A3956D46DE8}") = "Notification", "Notification", "{F6B1F8B9-914E-4B9E-9C1C-E46E1B938D64}"
EndProject
Project("{2150E333-8FDC-42A3-9474-1A3956D46DE8}") = "Shared", "Shared", "{40C9573B-DF1F-4B5C-93B4-CB0C77C44FF1}"
EndProject
Project("{FAE04EC0-301F-11D3-BF4B-00C04F79EFBC}") = "WS.Auth.Domain", "Services\Auth\WS.Auth.Domain\WS.Auth.Domain.csproj", "{B469AE42-46EA-4BDE-8144-64B5DA586FD1}"
EndProject
Project("{FAE04EC0-301F-11D3-BF4B-00C04F79EFBC}") = "WS.Auth.ApplicationService", "Services\Auth\WS.Auth.ApplicationService\WS.Auth.ApplicationService.csproj", "{EA516929-B081-4C0F-A6EB-606FE1287176}"
EndProject
Project("{FAE04EC0-301F-11D3-BF4B-00C04F79EFBC}") = "WS.Auth.Infrastructure", "Services\Auth\WS.Auth.Infrastructure\WS.Auth.Infrastructure.csproj", "{046A5C70-8570-4694-B7FE-CA09998FF454}"
EndProject
Project("{FAE04EC0-301F-11D3-BF4B-00C04F79EFBC}") = "WS.Auth.Dtos", "Services\Auth\WS.Auth.Dtos\WS.Auth.Dtos.csproj", "{79503F5D-519C-4523-9ABD-7D6524F677A7}"
EndProject
Project("{FAE04EC0-301F-11D3-BF4B-00C04F79EFBC}") = "WS.Product.Domain", "Services\Product\WS.Product.Domain\WS.Product.Domain.csproj", "{52FF1977-86F1-4097-A06A-E4352F3F749A}"
EndProject
Project("{FAE04EC0-301F-11D3-BF4B-00C04F79EFBC}") = "WS.Product.ApplicationService", "Services\Product\WS.Product.ApplicationService\WS.Product.ApplicationService.csproj", "{8FAA9477-7E2E-4ED5-8E4C-AA430EFFC0EF}"
EndProject
Project("{FAE04EC0-301F-11D3-BF4B-00C04F79EFBC}") = "WS.Product.Infrastructure", "Services\Product\WS.Product.Infrastructure\WS.Product.Infrastructure.csproj", "{06F2EF4C-38D9-4998-BFCD-9E44B761C143}"
EndProject
Project("{9A19103F-16F7-4668-BE54-9A1E7A4F7556}") = "WS.Product.Dtos", "Services\Product\WS.Product.Dtos\WS.Product.Dtos.csproj", "{04476F3A-660F-4CE4-9BD2-0876B670EE63}"
EndProject
Project("{FAE04EC0-301F-11D3-BF4B-00C04F79EFBC}") = "WS.Shared.ApplicationService", "Services\Shared\WS.Shared.ApplicationService\WS.Shared.ApplicationService.csproj", "{D242042F-0B3C-4B26-95DF-4D97B4DF7898}"
EndProject
Project("{FAE04EC0-301F-11D3-BF4B-00C04F79EFBC}") = "WS.Constant", "Services\Shared\WS.Constant\WS.Constant.csproj", "{EA2247CF-EFCC-4842-AE82-C0C97154CB1F}"
EndProject
Global
	GlobalSection(SolutionConfigurationPlatforms) = preSolution
		Debug|Any CPU = Debug|Any CPU
		Release|Any CPU = Release|Any CPU
	EndGlobalSection
	GlobalSection(ProjectConfigurationPlatforms) = postSolution
		{E3882FFE-A040-4179-B38C-F72BAFC8804F}.Debug|Any CPU.ActiveCfg = Debug|Any CPU
		{E3882FFE-A040-4179-B38C-F72BAFC8804F}.Debug|Any CPU.Build.0 = Debug|Any CPU
		{E3882FFE-A040-4179-B38C-F72BAFC8804F}.Release|Any CPU.ActiveCfg = Release|Any CPU
		{E3882FFE-A040-4179-B38C-F72BAFC8804F}.Release|Any CPU.Build.0 = Release|Any CPU
		{B469AE42-46EA-4BDE-8144-64B5DA586FD1}.Debug|Any CPU.ActiveCfg = Debug|Any CPU
		{B469AE42-46EA-4BDE-8144-64B5DA586FD1}.Debug|Any CPU.Build.0 = Debug|Any CPU
		{B469AE42-46EA-4BDE-8144-64B5DA586FD1}.Release|Any CPU.ActiveCfg = Release|Any CPU
		{B469AE42-46EA-4BDE-8144-64B5DA586FD1}.Release|Any CPU.Build.0 = Release|Any CPU
		{EA516929-B081-4C0F-A6EB-606FE1287176}.Debug|Any CPU.ActiveCfg = Debug|Any CPU
		{EA516929-B081-4C0F-A6EB-606FE1287176}.Debug|Any CPU.Build.0 = Debug|Any CPU
		{EA516929-B081-4C0F-A6EB-606FE1287176}.Release|Any CPU.ActiveCfg = Release|Any CPU
		{EA516929-B081-4C0F-A6EB-606FE1287176}.Release|Any CPU.Build.0 = Release|Any CPU
		{046A5C70-8570-4694-B7FE-CA09998FF454}.Debug|Any CPU.ActiveCfg = Debug|Any CPU
		{046A5C70-8570-4694-B7FE-CA09998FF454}.Debug|Any CPU.Build.0 = Debug|Any CPU
		{046A5C70-8570-4694-B7FE-CA09998FF454}.Release|Any CPU.ActiveCfg = Release|Any CPU
		{046A5C70-8570-4694-B7FE-CA09998FF454}.Release|Any CPU.Build.0 = Release|Any CPU
		{79503F5D-519C-4523-9ABD-7D6524F677A7}.Debug|Any CPU.ActiveCfg = Debug|Any CPU
		{79503F5D-519C-4523-9ABD-7D6524F677A7}.Debug|Any CPU.Build.0 = Debug|Any CPU
		{79503F5D-519C-4523-9ABD-7D6524F677A7}.Release|Any CPU.ActiveCfg = Release|Any CPU
		{79503F5D-519C-4523-9ABD-7D6524F677A7}.Release|Any CPU.Build.0 = Release|Any CPU
		{52FF1977-86F1-4097-A06A-E4352F3F749A}.Debug|Any CPU.ActiveCfg = Debug|Any CPU
		{52FF1977-86F1-4097-A06A-E4352F3F749A}.Debug|Any CPU.Build.0 = Debug|Any CPU
		{52FF1977-86F1-4097-A06A-E4352F3F749A}.Release|Any CPU.ActiveCfg = Release|Any CPU
		{52FF1977-86F1-4097-A06A-E4352F3F749A}.Release|Any CPU.Build.0 = Release|Any CPU
		{8FAA9477-7E2E-4ED5-8E4C-AA430EFFC0EF}.Debug|Any CPU.ActiveCfg = Debug|Any CPU
		{8FAA9477-7E2E-4ED5-8E4C-AA430EFFC0EF}.Debug|Any CPU.Build.0 = Debug|Any CPU
		{8FAA9477-7E2E-4ED5-8E4C-AA430EFFC0EF}.Release|Any CPU.ActiveCfg = Release|Any CPU
		{8FAA9477-7E2E-4ED5-8E4C-AA430EFFC0EF}.Release|Any CPU.Build.0 = Release|Any CPU
		{06F2EF4C-38D9-4998-BFCD-9E44B761C143}.Debug|Any CPU.ActiveCfg = Debug|Any CPU
		{06F2EF4C-38D9-4998-BFCD-9E44B761C143}.Debug|Any CPU.Build.0 = Debug|Any CPU
		{06F2EF4C-38D9-4998-BFCD-9E44B761C143}.Release|Any CPU.ActiveCfg = Release|Any CPU
		{06F2EF4C-38D9-4998-BFCD-9E44B761C143}.Release|Any CPU.Build.0 = Release|Any CPU
		{04476F3A-660F-4CE4-9BD2-0876B670EE63}.Debug|Any CPU.ActiveCfg = Debug|Any CPU
		{04476F3A-660F-4CE4-9BD2-0876B670EE63}.Debug|Any CPU.Build.0 = Debug|Any CPU
		{04476F3A-660F-4CE4-9BD2-0876B670EE63}.Release|Any CPU.ActiveCfg = Release|Any CPU
		{04476F3A-660F-4CE4-9BD2-0876B670EE63}.Release|Any CPU.Build.0 = Release|Any CPU
		{D242042F-0B3C-4B26-95DF-4D97B4DF7898}.Debug|Any CPU.ActiveCfg = Debug|Any CPU
		{D242042F-0B3C-4B26-95DF-4D97B4DF7898}.Debug|Any CPU.Build.0 = Debug|Any CPU
		{D242042F-0B3C-4B26-95DF-4D97B4DF7898}.Release|Any CPU.ActiveCfg = Release|Any CPU
		{D242042F-0B3C-4B26-95DF-4D97B4DF7898}.Release|Any CPU.Build.0 = Release|Any CPU
		{EA2247CF-EFCC-4842-AE82-C0C97154CB1F}.Debug|Any CPU.ActiveCfg = Debug|Any CPU
		{EA2247CF-EFCC-4842-AE82-C0C97154CB1F}.Debug|Any CPU.Build.0 = Debug|Any CPU
		{EA2247CF-EFCC-4842-AE82-C0C97154CB1F}.Release|Any CPU.ActiveCfg = Release|Any CPU
		{EA2247CF-EFCC-4842-AE82-C0C97154CB1F}.Release|Any CPU.Build.0 = Release|Any CPU
	EndGlobalSection
	GlobalSection(SolutionProperties) = preSolution
		HideSolutionNode = FALSE
	EndGlobalSection
	GlobalSection(NestedProjects) = preSolution
		{59280F56-66FD-4290-83D7-3B030F8474C9} = {A8B8DE74-E171-47BC-AA55-33701BF4DAA8}
		{C4986840-17A3-4128-9857-B78013A277B4} = {A8B8DE74-E171-47BC-AA55-33701BF4DAA8}
		{3F134BA2-5F16-4B1B-A0BD-60F3D3BE5692} = {A8B8DE74-E171-47BC-AA55-33701BF4DAA8}
		{F6B1F8B9-914E-4B9E-9C1C-E46E1B938D64} = {A8B8DE74-E171-47BC-AA55-33701BF4DAA8}
		{40C9573B-DF1F-4B5C-93B4-CB0C77C44FF1} = {A8B8DE74-E171-47BC-AA55-33701BF4DAA8}
		{B469AE42-46EA-4BDE-8144-64B5DA586FD1} = {3F134BA2-5F16-4B1B-A0BD-60F3D3BE5692}
		{EA516929-B081-4C0F-A6EB-606FE1287176} = {3F134BA2-5F16-4B1B-A0BD-60F3D3BE5692}
		{046A5C70-8570-4694-B7FE-CA09998FF454} = {3F134BA2-5F16-4B1B-A0BD-60F3D3BE5692}
		{79503F5D-519C-4523-9ABD-7D6524F677A7} = {3F134BA2-5F16-4B1B-A0BD-60F3D3BE5692}
		{52FF1977-86F1-4097-A06A-E4352F3F749A} = {C4986840-17A3-4128-9857-B78013A277B4}
		{8FAA9477-7E2E-4ED5-8E4C-AA430EFFC0EF} = {C4986840-17A3-4128-9857-B78013A277B4}
		{06F2EF4C-38D9-4998-BFCD-9E44B761C143} = {C4986840-17A3-4128-9857-B78013A277B4}
		{04476F3A-660F-4CE4-9BD2-0876B670EE63} = {C4986840-17A3-4128-9857-B78013A277B4}
		{D242042F-0B3C-4B26-95DF-4D97B4DF7898} = {40C9573B-DF1F-4B5C-93B4-CB0C77C44FF1}
		{EA2247CF-EFCC-4842-AE82-C0C97154CB1F} = {40C9573B-DF1F-4B5C-93B4-CB0C77C44FF1}
	EndGlobalSection
	GlobalSection(ExtensibilityGlobals) = postSolution
		SolutionGuid = {1BD264D4-D106-4366-8DB9-F7B276DDBB5C}
	EndGlobalSection
EndGlobal
